lockfileVersion: '9.0'

settings:
  autoInstallPeers: true
  excludeLinksFromLockfile: false

importers:

  .:
    devDependencies:
      '@sinclair/typebox':
        specifier: ^0.34.33
        version: 0.34.33
      '@types/react':
        specifier: ^19.1.5
        version: 19.1.5
      prettier:
        specifier: ^3.5.3
        version: 3.5.3
      typescript:
        specifier: ^5.8.2
        version: 5.8.2

packages:

  '@sinclair/typebox@0.34.33':
    resolution: {integrity: sha512-5HAV9exOMcXRUxo+9iYB5n09XxzCXnfy4VTNW4xnDv+FgjzAGY989C28BIdljKqmF+ZltUwujE3aossvcVtq6g==}

  '@types/react@19.1.5':
    resolution: {integrity: sha512-piErsCVVbpMMT2r7wbawdZsq4xMvIAhQuac2gedQHysu1TZYEigE6pnFfgZT+/jQnrRuF5r+SHzuehFjfRjr4g==}

  csstype@3.1.3:
    resolution: {integrity: sha512-M1uQkMl8rQK/szD0LNhtqxIPLpimGm8sOBwU7lLnCpSbTyY3yeU1Vc7l4KT5zT4s/yOxHH5O7tIuuLOCnLADRw==}

  prettier@3.5.3:
    resolution: {integrity: sha512-QQtaxnoDJeAkDvDKWCLiwIXkTgRhwYDEQCghU9Z6q03iyek/rxRh/2lC3HB7P8sWT2xC/y5JDctPLBIGzHKbhw==}
    engines: {node: '>=14'}
    hasBin: true

  typescript@5.8.2:
    resolution: {integrity: sha512-aJn6wq13/afZp/jT9QZmwEjDqqvSGp1VT5GVg+f/t6/oVyrgXM6BY1h9BRh/O5p3PlUPAe+WuiEZOmb/49RqoQ==}
    engines: {node: '>=14.17'}
    hasBin: true

snapshots:

  '@sinclair/typebox@0.34.33': {}

  '@types/react@19.1.5':
    dependencies:
      csstype: 3.1.3

  csstype@3.1.3: {}

  prettier@3.5.3: {}

  typescript@5.8.2: {}
